
Microsoft Visual Studio Solution File, Format Version 12.00
# Visual Studio Version 17
VisualStudioVersion = 17.6.33801.468
MinimumVisualStudioVersion = 10.0.40219.1
Project("{8BC9CEB8-8B4A-11D0-8D11-00A0C91BC942}") = "Intel8080Dissasembler", "Intel8080Dissasembler.vcxproj", "{011C4548-6BFF-4DD0-B717-D2BF6E2DA423}"
EndProject
Global
	GlobalSection(SolutionConfigurationPlatforms) = preSolution
		Debug|x64 = Debug|x64
		Debug|x86 = Debug|x86
		Release|x64 = Release|x64
		Release|x86 = Release|x86
	EndGlobalSection
	GlobalSection(ProjectConfigurationPlatforms) = postSolution
		{011C4548-6BFF-4DD0-B717-D2BF6E2DA423}.Debug|x64.ActiveCfg = Debug|x64
		{011C4548-6BFF-4DD0-B717-D2BF6E2DA423}.Debug|x64.Build.0 = Debug|x64
		{011C4548-6BFF-4DD0-B717-D2BF6E2DA423}.Debug|x86.ActiveCfg = Debug|Win32
		{011C4548-6BFF-4DD0-B717-D2BF6E2DA423}.Debug|x86.Build.0 = Debug|Win32
		{011C4548-6BFF-4DD0-B717-D2BF6E2DA423}.Release|x64.ActiveCfg = Release|x64
		{011C4548-6BFF-4DD0-B717-D2BF6E2DA423}.Release|x64.Build.0 = Release|x64
		{011C4548-6BFF-4DD0-B717-D2BF6E2DA423}.Release|x86.ActiveCfg = Release|Win32
		{011C4548-6BFF-4DD0-B717-D2BF6E2DA423}.Release|x86.Build.0 = Release|Win32
	EndGlobalSection
	GlobalSection(SolutionProperties) = preSolution
		HideSolutionNode = FALSE
	EndGlobalSection
	GlobalSection(ExtensibilityGlobals) = postSolution
		SolutionGuid = {45D6DD28-FEE3-45F8-BA0D-44D8F4FC01D3}
	EndGlobalSection
EndGlobal
